
Microsoft Visual Studio Solution File, Format Version 12.00
# Visual Studio Version 16
VisualStudioVersion = 16.0.32126.315
MinimumVisualStudioVersion = 10.0.40219.1
Project("{8BC9CEB8-8B4A-11D0-8D11-00A0C91BC942}") = "destructor", "destructor\destructor.vcxproj", "{398F04F2-2549-4BF0-9415-97A541D79D6B}"
EndProject
Global
	GlobalSection(SolutionConfigurationPlatforms) = preSolution
		Debug|x64 = Debug|x64
		Debug|x86 = Debug|x86
		Release|x64 = Release|x64
		Release|x86 = Release|x86
	EndGlobalSection
	GlobalSection(ProjectConfigurationPlatforms) = postSolution
		{398F04F2-2549-4BF0-9415-97A541D79D6B}.Debug|x64.ActiveCfg = Debug|x64
		{398F04F2-2549-4BF0-9415-97A541D79D6B}.Debug|x64.Build.0 = Debug|x64
		{398F04F2-2549-4BF0-9415-97A541D79D6B}.Debug|x86.ActiveCfg = Debug|Win32
		{398F04F2-2549-4BF0-9415-97A541D79D6B}.Debug|x86.Build.0 = Debug|Win32
		{398F04F2-2549-4BF0-9415-97A541D79D6B}.Release|x64.ActiveCfg = Release|x64
		{398F04F2-2549-4BF0-9415-97A541D79D6B}.Release|x64.Build.0 = Release|x64
		{398F04F2-2549-4BF0-9415-97A541D79D6B}.Release|x86.ActiveCfg = Release|Win32
		{398F04F2-2549-4BF0-9415-97A541D79D6B}.Release|x86.Build.0 = Release|Win32
	EndGlobalSection
	GlobalSection(SolutionProperties) = preSolution
		HideSolutionNode = FALSE
	EndGlobalSection
	GlobalSection(ExtensibilityGlobals) = postSolution
		SolutionGuid = {74875C72-6D9C-45B6-A06E-7E78EA57EA27}
	EndGlobalSection
EndGlobal
